
Microsoft Visual Studio Solution File, Format Version 12.00
# Visual Studio 14
VisualStudioVersion = 14.0.25420.1
MinimumVisualStudioVersion = 10.0.40219.1
Project("{FAE04EC0-301F-11D3-BF4B-00C04F79EFBC}") = "FinalProjectVersion2.0", "FinalProjectVersion2.0\FinalProjectVersion2.0.csproj", "{42F5807F-0EDD-4933-A709-FCC5BB6DCDAD}"
EndProject
Project("{FAE04EC0-301F-11D3-BF4B-00C04F79EFBC}") = "FinalProjectVersion2.0Tests", "FinalProjectVersion2.0Tests\FinalProjectVersion2.0Tests.csproj", "{DBA25556-5D6F-4515-A7F8-F51E2F2284C4}"
EndProject
Global
	GlobalSection(SolutionConfigurationPlatforms) = preSolution
		Debug|Any CPU = Debug|Any CPU
		Release|Any CPU = Release|Any CPU
	EndGlobalSection
	GlobalSection(ProjectConfigurationPlatforms) = postSolution
		{42F5807F-0EDD-4933-A709-FCC5BB6DCDAD}.Debug|Any CPU.ActiveCfg = Release|Any CPU
		{42F5807F-0EDD-4933-A709-FCC5BB6DCDAD}.Debug|Any CPU.Build.0 = Release|Any CPU
		{42F5807F-0EDD-4933-A709-FCC5BB6DCDAD}.Release|Any CPU.ActiveCfg = Release|Any CPU
		{42F5807F-0EDD-4933-A709-FCC5BB6DCDAD}.Release|Any CPU.Build.0 = Release|Any CPU
		{DBA25556-5D6F-4515-A7F8-F51E2F2284C4}.Debug|Any CPU.ActiveCfg = Release|Any CPU
		{DBA25556-5D6F-4515-A7F8-F51E2F2284C4}.Debug|Any CPU.Build.0 = Release|Any CPU
		{DBA25556-5D6F-4515-A7F8-F51E2F2284C4}.Release|Any CPU.ActiveCfg = Release|Any CPU
		{DBA25556-5D6F-4515-A7F8-F51E2F2284C4}.Release|Any CPU.Build.0 = Release|Any CPU
	EndGlobalSection
	GlobalSection(SolutionProperties) = preSolution
		HideSolutionNode = FALSE
	EndGlobalSection
EndGlobal
